// !$*UTF8*$!
{
	archiveVersion = 1;
	classes = {
	};
	objectVersion = 56;
	objects = {

/* Begin PBXBuildFile section */
		801186E32B7C29070078E906 /* SwiftUIAnimationsApp.swift in Sources */ = {isa = PBXBuildFile; fileRef = 801186E22B7C29070078E906 /* SwiftUIAnimationsApp.swift */; };
		801186E52B7C29070078E906 /* ContentView.swift in Sources */ = {isa = PBXBuildFile; fileRef = 801186E42B7C29070078E906 /* ContentView.swift */; };
		801186E72B7C29090078E906 /* Assets.xcassets in Resources */ = {isa = PBXBuildFile; fileRef = 801186E62B7C29090078E906 /* Assets.xcassets */; };
		801186EA2B7C29090078E906 /* Preview Assets.xcassets in Resources */ = {isa = PBXBuildFile; fileRef = 801186E92B7C29090078E906 /* Preview Assets.xcassets */; };
		801186F42B7C290A0078E906 /* SwiftUIAnimationsTests.swift in Sources */ = {isa = PBXBuildFile; fileRef = 801186F32B7C290A0078E906 /* SwiftUIAnimationsTests.swift */; };
		801186FE2B7C290A0078E906 /* SwiftUIAnimationsUITests.swift in Sources */ = {isa = PBXBuildFile; fileRef = 801186FD2B7C290A0078E906 /* SwiftUIAnimationsUITests.swift */; };
		801187002B7C290A0078E906 /* SwiftUIAnimationsUITestsLaunchTests.swift in Sources */ = {isa = PBXBuildFile; fileRef = 801186FF2B7C290A0078E906 /* SwiftUIAnimationsUITestsLaunchTests.swift */; };
		80E99C232B7D536900C62CC9 /* Animation2.swift in Sources */ = {isa = PBXBuildFile; fileRef = 80E99C222B7D536900C62CC9 /* Animation2.swift */; };
/* End PBXBuildFile section */

/* Begin PBXContainerItemProxy section */
		801186F02B7C290A0078E906 /* PBXContainerItemProxy */ = {
			isa = PBXContainerItemProxy;
			containerPortal = 801186D72B7C29060078E906 /* Project object */;
			proxyType = 1;
			remoteGlobalIDString = 801186DE2B7C29070078E906;
			remoteInfo = SwiftUIAnimations;
		};
		801186FA2B7C290A0078E906 /* PBXContainerItemProxy */ = {
			isa = PBXContainerItemProxy;
			containerPortal = 801186D72B7C29060078E906 /* Project object */;
			proxyType = 1;
			remoteGlobalIDString = 801186DE2B7C29070078E906;
			remoteInfo = SwiftUIAnimations;
		};
/* End PBXContainerItemProxy section */

/* Begin PBXFileReference section */
		801186DF2B7C29070078E906 /* SwiftUIAnimations.app */ = {isa = PBXFileReference; explicitFileType = wrapper.application; includeInIndex = 0; path = SwiftUIAnimations.app; sourceTree = BUILT_PRODUCTS_DIR; };
		801186E22B7C29070078E906 /* SwiftUIAnimationsApp.swift */ = {isa = PBXFileReference; lastKnownFileType = sourcecode.swift; path = SwiftUIAnimationsApp.swift; sourceTree = "<group>"; };
		801186E42B7C29070078E906 /* ContentView.swift */ = {isa = PBXFileReference; lastKnownFileType = sourcecode.swift; path = ContentView.swift; sourceTree = "<group>"; };
		801186E62B7C29090078E906 /* Assets.xcassets */ = {isa = PBXFileReference; lastKnownFileType = folder.assetcatalog; path = Assets.xcassets; sourceTree = "<group>"; };
		801186E92B7C29090078E906 /* Preview Assets.xcassets */ = {isa = PBXFileReference; lastKnownFileType = folder.assetcatalog; path = "Preview Assets.xcassets"; sourceTree = "<group>"; };
		801186EF2B7C290A0078E906 /* SwiftUIAnimationsTests.xctest */ = {isa = PBXFileReference; explicitFileType = wrapper.cfbundle; includeInIndex = 0; path = SwiftUIAnimationsTests.xctest; sourceTree = BUILT_PRODUCTS_DIR; };
		801186F32B7C290A0078E906 /* SwiftUIAnimationsTests.swift */ = {isa = PBXFileReference; lastKnownFileType = sourcecode.swift; path = SwiftUIAnimationsTests.swift; sourceTree = "<group>"; };
		801186F92B7C290A0078E906 /* SwiftUIAnimationsUITests.xctest */ = {isa = PBXFileReference; explicitFileType = wrapper.cfbundle; includeInIndex = 0; path = SwiftUIAnimationsUITests.xctest; sourceTree = BUILT_PRODUCTS_DIR; };
		801186FD2B7C290A0078E906 /* SwiftUIAnimationsUITests.swift */ = {isa = PBXFileReference; lastKnownFileType = sourcecode.swift; path = SwiftUIAnimationsUITests.swift; sourceTree = "<group>"; };
		801186FF2B7C290A0078E906 /* SwiftUIAnimationsUITestsLaunchTests.swift */ = {isa = PBXFileReference; lastKnownFileType = sourcecode.swift; path = SwiftUIAnimationsUITestsLaunchTests.swift; sourceTree = "<group>"; };
		80E99C222B7D536900C62CC9 /* Animation2.swift */ = {isa = PBXFileReference; lastKnownFileType = sourcecode.swift; path = Animation2.swift; sourceTree = "<group>"; };
/* End PBXFileReference section */

/* Begin PBXFrameworksBuildPhase section */
		801186DC2B7C29070078E906 /* Frameworks */ = {
			isa = PBXFrameworksBuildPhase;
			buildActionMask = 2147483647;
			files = (
			);
			runOnlyForDeploymentPostprocessing = 0;
		};
		801186EC2B7C290A0078E906 /* Frameworks */ = {
			isa = PBXFrameworksBuildPhase;
			buildActionMask = 2147483647;
			files = (
			);
			runOnlyForDeploymentPostprocessing = 0;
		};
		801186F62B7C290A0078E906 /* Frameworks */ = {
			isa = PBXFrameworksBuildPhase;
			buildActionMask = 2147483647;
			files = (
			);
			runOnlyForDeploymentPostprocessing = 0;
		};
/* End PBXFrameworksBuildPhase section */

/* Begin PBXGroup section */
		801186D62B7C29060078E906 = {
			isa = PBXGroup;
			children = (
				801186E12B7C29070078E906 /* SwiftUIAnimations */,
				801186F22B7C290A0078E906 /* SwiftUIAnimationsTests */,
				801186FC2B7C290A0078E906 /* SwiftUIAnimationsUITests */,
				801186E02B7C29070078E906 /* Products */,
			);
			sourceTree = "<group>";
		};
		801186E02B7C29070078E906 /* Products */ = {
			isa = PBXGroup;
			children = (
				801186DF2B7C29070078E906 /* SwiftUIAnimations.app */,
				801186EF2B7C290A0078E906 /* SwiftUIAnimationsTests.xctest */,
				801186F92B7C290A0078E906 /* SwiftUIAnimationsUITests.xctest */,
			);
			name = Products;
			sourceTree = "<group>";
		};
		801186E12B7C29070078E906 /* SwiftUIAnimations */ = {
			isa = PBXGroup;
			children = (
				801186E22B7C29070078E906 /* SwiftUIAnimationsApp.swift */,
				801186E42B7C29070078E906 /* ContentView.swift */,
				801186E62B7C29090078E906 /* Assets.xcassets */,
				801186E82B7C29090078E906 /* Preview Content */,
				80E99C222B7D536900C62CC9 /* Animation2.swift */,
			);
			path = SwiftUIAnimations;
			sourceTree = "<group>";
		};
		801186E82B7C29090078E906 /* Preview Content */ = {
			isa = PBXGroup;
			children = (
				801186E92B7C29090078E906 /* Preview Assets.xcassets */,
			);
			path = "Preview Content";
			sourceTree = "<group>";
		};
		801186F22B7C290A0078E906 /* SwiftUIAnimationsTests */ = {
			isa = PBXGroup;
			children = (
				801186F32B7C290A0078E906 /* SwiftUIAnimationsTests.swift */,
			);
			path = SwiftUIAnimationsTests;
			sourceTree = "<group>";
		};
		801186FC2B7C290A0078E906 /* SwiftUIAnimationsUITests */ = {
			isa = PBXGroup;
			children = (
				801186FD2B7C290A0078E906 /* SwiftUIAnimationsUITests.swift */,
				801186FF2B7C290A0078E906 /* SwiftUIAnimationsUITestsLaunchTests.swift */,
			);
			path = SwiftUIAnimationsUITests;
			sourceTree = "<group>";
		};
/* End PBXGroup section */

/* Begin PBXNativeTarget section */
		801186DE2B7C29070078E906 /* SwiftUIAnimations */ = {
			isa = PBXNativeTarget;
			buildConfigurationList = 801187032B7C290A0078E906 /* Build configuration list for PBXNativeTarget "SwiftUIAnimations" */;
			buildPhases = (
				801186DB2B7C29070078E906 /* Sources */,
				801186DC2B7C29070078E906 /* Frameworks */,
				801186DD2B7C29070078E906 /* Resources */,
			);
			buildRules = (
			);
			dependencies = (
			);
			name = SwiftUIAnimations;
			productName = SwiftUIAnimations;
			productReference = 801186DF2B7C29070078E906 /* SwiftUIAnimations.app */;
			productType = "com.apple.product-type.application";
		};
		801186EE2B7C290A0078E906 /* SwiftUIAnimationsTests */ = {
			isa = PBXNativeTarget;
			buildConfigurationList = 801187062B7C290A0078E906 /* Build configuration list for PBXNativeTarget "SwiftUIAnimationsTests" */;
			buildPhases = (
				801186EB2B7C290A0078E906 /* Sources */,
				801186EC2B7C290A0078E906 /* Frameworks */,
				801186ED2B7C290A0078E906 /* Resources */,
			);
			buildRules = (
			);
			dependencies = (
				801186F12B7C290A0078E906 /* PBXTargetDependency */,
			);
			name = SwiftUIAnimationsTests;
			productName = SwiftUIAnimationsTests;
			productReference = 801186EF2B7C290A0078E906 /* SwiftUIAnimationsTests.xctest */;
			productType = "com.apple.product-type.bundle.unit-test";
		};
		801186F82B7C290A0078E906 /* SwiftUIAnimationsUITests */ = {
			isa = PBXNativeTarget;
			buildConfigurationList = 801187092B7C290A0078E906 /* Build configuration list for PBXNativeTarget "SwiftUIAnimationsUITests" */;
			buildPhases = (
				801186F52B7C290A0078E906 /* Sources */,
				801186F62B7C290A0078E906 /* Frameworks */,
				801186F72B7C290A0078E906 /* Resources */,
			);
			buildRules = (
			);
			dependencies = (
				801186FB2B7C290A0078E906 /* PBXTargetDependency */,
			);
			name = SwiftUIAnimationsUITests;
			productName = SwiftUIAnimationsUITests;
			productReference = 801186F92B7C290A0078E906 /* SwiftUIAnimationsUITests.xctest */;
			productType = "com.apple.product-type.bundle.ui-testing";
		};
/* End PBXNativeTarget section */

/* Begin PBXProject section */
		801186D72B7C29060078E906 /* Project object */ = {
			isa = PBXProject;
			attributes = {
				BuildIndependentTargetsInParallel = 1;
				LastSwiftUpdateCheck = 1520;
				LastUpgradeCheck = 1520;
				TargetAttributes = {
					801186DE2B7C29070078E906 = {
						CreatedOnToolsVersion = 15.2;
					};
					801186EE2B7C290A0078E906 = {
						CreatedOnToolsVersion = 15.2;
						TestTargetID = 801186DE2B7C29070078E906;
					};
					801186F82B7C290A0078E906 = {
						CreatedOnToolsVersion = 15.2;
						TestTargetID = 801186DE2B7C29070078E906;
					};
				};
			};
			buildConfigurationList = 801186DA2B7C29070078E906 /* Build configuration list for PBXProject "SwiftUIAnimations" */;
			compatibilityVersion = "Xcode 14.0";
			developmentRegion = en;
			hasScannedForEncodings = 0;
			knownRegions = (
				en,
				Base,
			);
			mainGroup = 801186D62B7C29060078E906;
			productRefGroup = 801186E02B7C29070078E906 /* Products */;
			projectDirPath = "";
			projectRoot = "";
			targets = (
				801186DE2B7C29070078E906 /* SwiftUIAnimations */,
				801186EE2B7C290A0078E906 /* SwiftUIAnimationsTests */,
				801186F82B7C290A0078E906 /* SwiftUIAnimationsUITests */,
			);
		};
/* End PBXProject section */

/* Begin PBXResourcesBuildPhase section */
		801186DD2B7C29070078E906 /* Resources */ = {
			isa = PBXResourcesBuildPhase;
			buildActionMask = 2147483647;
			files = (
				801186EA2B7C29090078E906 /* Preview Assets.xcassets in Resources */,
				801186E72B7C29090078E906 /* Assets.xcassets in Resources */,
			);
			runOnlyForDeploymentPostprocessing = 0;
		};
		801186ED2B7C290A0078E906 /* Resources */ = {
			isa = PBXResourcesBuildPhase;
			buildActionMask = 2147483647;
			files = (
			);
			runOnlyForDeploymentPostprocessing = 0;
		};
		801186F72B7C290A0078E906 /* Resources */ = {
			isa = PBXResourcesBuildPhase;
			buildActionMask = 2147483647;
			files = (
			);
			runOnlyForDeploymentPostprocessing = 0;
		};
/* End PBXResourcesBuildPhase section */

/* Begin PBXSourcesBuildPhase section */
		801186DB2B7C29070078E906 /* Sources */ = {
			isa = PBXSourcesBuildPhase;
			buildActionMask = 2147483647;
			files = (
				80E99C232B7D536900C62CC9 /* Animation2.swift in Sources */,
				801186E52B7C29070078E906 /* ContentView.swift in Sources */,
				801186E32B7C29070078E906 /* SwiftUIAnimationsApp.swift in Sources */,
			);
			runOnlyForDeploymentPostprocessing = 0;
		};
		801186EB2B7C290A0078E906 /* Sources */ = {
			isa = PBXSourcesBuildPhase;
			buildActionMask = 2147483647;
			files = (
				801186F42B7C290A0078E906 /* SwiftUIAnimationsTests.swift in Sources */,
			);
			runOnlyForDeploymentPostprocessing = 0;
		};
		801186F52B7C290A0078E906 /* Sources */ = {
			isa = PBXSourcesBuildPhase;
			buildActionMask = 2147483647;
			files = (
				801186FE2B7C290A0078E906 /* SwiftUIAnimationsUITests.swift in Sources */,
				801187002B7C290A0078E906 /* SwiftUIAnimationsUITestsLaunchTests.swift in Sources */,
			);
			runOnlyForDeploymentPostprocessing = 0;
		};
/* End PBXSourcesBuildPhase section */

/* Begin PBXTargetDependency section */
		801186F12B7C290A0078E906 /* PBXTargetDependency */ = {
			isa = PBXTargetDependency;
			target = 801186DE2B7C29070078E906 /* SwiftUIAnimations */;
			targetProxy = 801186F02B7C290A0078E906 /* PBXContainerItemProxy */;
		};
		801186FB2B7C290A0078E906 /* PBXTargetDependency */ = {
			isa = PBXTargetDependency;
			target = 801186DE2B7C29070078E906 /* SwiftUIAnimations */;
			targetProxy = 801186FA2B7C290A0078E906 /* PBXContainerItemProxy */;
		};
/* End PBXTargetDependency section */

/* Begin XCBuildConfiguration section */
		801187012B7C290A0078E906 /* Debug */ = {
			isa = XCBuildConfiguration;
			buildSettings = {
				ALWAYS_SEARCH_USER_PATHS = NO;
				ASSETCATALOG_COMPILER_GENERATE_SWIFT_ASSET_SYMBOL_EXTENSIONS = YES;
				CLANG_ANALYZER_NONNULL = YES;
				CLANG_ANALYZER_NUMBER_OBJECT_CONVERSION = YES_AGGRESSIVE;
				CLANG_CXX_LANGUAGE_STANDARD = "gnu++20";
				CLANG_ENABLE_MODULES = YES;
				CLANG_ENABLE_OBJC_ARC = YES;
				CLANG_ENABLE_OBJC_WEAK = YES;
				CLANG_WARN_BLOCK_CAPTURE_AUTORELEASING = YES;
				CLANG_WARN_BOOL_CONVERSION = YES;
				CLANG_WARN_COMMA = YES;
				CLANG_WARN_CONSTANT_CONVERSION = YES;
				CLANG_WARN_DEPRECATED_OBJC_IMPLEMENTATIONS = YES;
				CLANG_WARN_DIRECT_OBJC_ISA_USAGE = YES_ERROR;
				CLANG_WARN_DOCUMENTATION_COMMENTS = YES;
				CLANG_WARN_EMPTY_BODY = YES;
				CLANG_WARN_ENUM_CONVERSION = YES;
				CLANG_WARN_INFINITE_RECURSION = YES;
				CLANG_WARN_INT_CONVERSION = YES;
				CLANG_WARN_NON_LITERAL_NULL_CONVERSION = YES;
				CLANG_WARN_OBJC_IMPLICIT_RETAIN_SELF = YES;
				CLANG_WARN_OBJC_LITERAL_CONVERSION = YES;
				CLANG_WARN_OBJC_ROOT_CLASS = YES_ERROR;
				CLANG_WARN_QUOTED_INCLUDE_IN_FRAMEWORK_HEADER = YES;
				CLANG_WARN_RANGE_LOOP_ANALYSIS = YES;
				CLANG_WARN_STRICT_PROTOTYPES = YES;
				CLANG_WARN_SUSPICIOUS_MOVE = YES;
				CLANG_WARN_UNGUARDED_AVAILABILITY = YES_AGGRESSIVE;
				CLANG_WARN_UNREACHABLE_CODE = YES;
				CLANG_WARN__DUPLICATE_METHOD_MATCH = YES;
				COPY_PHASE_STRIP = NO;
				DEBUG_INFORMATION_FORMAT = dwarf;
				ENABLE_STRICT_OBJC_MSGSEND = YES;
				ENABLE_TESTABILITY = YES;
				ENABLE_USER_SCRIPT_SANDBOXING = YES;
				GCC_C_LANGUAGE_STANDARD = gnu17;
				GCC_DYNAMIC_NO_PIC = NO;
				GCC_NO_COMMON_BLOCKS = YES;
				GCC_OPTIMIZATION_LEVEL = 0;
				GCC_PREPROCESSOR_DEFINITIONS = (
					"DEBUG=1",
					"$(inherited)",
				);
				GCC_WARN_64_TO_32_BIT_CONVERSION = YES;
				GCC_WARN_ABOUT_RETURN_TYPE = YES_ERROR;
				GCC_WARN_UNDECLARED_SELECTOR = YES;
				GCC_WARN_UNINITIALIZED_AUTOS = YES_AGGRESSIVE;
				GCC_WARN_UNUSED_FUNCTION = YES;
				GCC_WARN_UNUSED_VARIABLE = YES;
				IPHONEOS_DEPLOYMENT_TARGET = 17.2;
				LOCALIZATION_PREFERS_STRING_CATALOGS = YES;
				MTL_ENABLE_DEBUG_INFO = INCLUDE_SOURCE;
				MTL_FAST_MATH = YES;
				ONLY_ACTIVE_ARCH = YES;
				SDKROOT = iphoneos;
				SWIFT_ACTIVE_COMPILATION_CONDITIONS = "DEBUG $(inherited)";
				SWIFT_OPTIMIZATION_LEVEL = "-Onone";
			};
			name = Debug;
		};
		801187022B7C290A0078E906 /* Release */ = {
			isa = XCBuildConfiguration;
			buildSettings = {
				ALWAYS_SEARCH_USER_PATHS = NO;
				ASSETCATALOG_COMPILER_GENERATE_SWIFT_ASSET_SYMBOL_EXTENSIONS = YES;
				CLANG_ANALYZER_NONNULL = YES;
				CLANG_ANALYZER_NUMBER_OBJECT_CONVERSION = YES_AGGRESSIVE;
				CLANG_CXX_LANGUAGE_STANDARD = "gnu++20";
				CLANG_ENABLE_MODULES = YES;
				CLANG_ENABLE_OBJC_ARC = YES;
				CLANG_ENABLE_OBJC_WEAK = YES;
				CLANG_WARN_BLOCK_CAPTURE_AUTORELEASING = YES;
				CLANG_WARN_BOOL_CONVERSION = YES;
				CLANG_WARN_COMMA = YES;
				CLANG_WARN_CONSTANT_CONVERSION = YES;
				CLANG_WARN_DEPRECATED_OBJC_IMPLEMENTATIONS = YES;
				CLANG_WARN_DIRECT_OBJC_ISA_USAGE = YES_ERROR;
				CLANG_WARN_DOCUMENTATION_COMMENTS = YES;
				CLANG_WARN_EMPTY_BODY = YES;
				CLANG_WARN_ENUM_CONVERSION = YES;
				CLANG_WARN_INFINITE_RECURSION = YES;
				CLANG_WARN_INT_CONVERSION = YES;
				CLANG_WARN_NON_LITERAL_NULL_CONVERSION = YES;
				CLANG_WARN_OBJC_IMPLICIT_RETAIN_SELF = YES;
				CLANG_WARN_OBJC_LITERAL_CONVERSION = YES;
				CLANG_WARN_OBJC_ROOT_CLASS = YES_ERROR;
				CLANG_WARN_QUOTED_INCLUDE_IN_FRAMEWORK_HEADER = YES;
				CLANG_WARN_RANGE_LOOP_ANALYSIS = YES;
				CLANG_WARN_STRICT_PROTOTYPES = YES;
				CLANG_WARN_SUSPICIOUS_MOVE = YES;
				CLANG_WARN_UNGUARDED_AVAILABILITY = YES_AGGRESSIVE;
				CLANG_WARN_UNREACHABLE_CODE = YES;
				CLANG_WARN__DUPLICATE_METHOD_MATCH = YES;
				COPY_PHASE_STRIP = NO;
				DEBUG_INFORMATION_FORMAT = "dwarf-with-dsym";
				ENABLE_NS_ASSERTIONS = NO;
				ENABLE_STRICT_OBJC_MSGSEND = YES;
				ENABLE_USER_SCRIPT_SANDBOXING = YES;
				GCC_C_LANGUAGE_STANDARD = gnu17;
				GCC_NO_COMMON_BLOCKS = YES;
				GCC_WARN_64_TO_32_BIT_CONVERSION = YES;
				GCC_WARN_ABOUT_RETURN_TYPE = YES_ERROR;
				GCC_WARN_UNDECLARED_SELECTOR = YES;
				GCC_WARN_UNINITIALIZED_AUTOS = YES_AGGRESSIVE;
				GCC_WARN_UNUSED_FUNCTION = YES;
				GCC_WARN_UNUSED_VARIABLE = YES;
				IPHONEOS_DEPLOYMENT_TARGET = 17.2;
				LOCALIZATION_PREFERS_STRING_CATALOGS = YES;
				MTL_ENABLE_DEBUG_INFO = NO;
				MTL_FAST_MATH = YES;
				SDKROOT = iphoneos;
				SWIFT_COMPILATION_MODE = wholemodule;
				VALIDATE_PRODUCT = YES;
			};
			name = Release;
		};
		801187042B7C290A0078E906 /* Debug */ = {
			isa = XCBuildConfiguration;
			buildSettings = {
				ASSETCATALOG_COMPILER_APPICON_NAME = AppIcon;
				ASSETCATALOG_COMPILER_GLOBAL_ACCENT_COLOR_NAME = AccentColor;
				CODE_SIGN_STYLE = Automatic;
				CURRENT_PROJECT_VERSION = 1;
				DEVELOPMENT_ASSET_PATHS = "\"SwiftUIAnimations/Preview Content\"";
				ENABLE_PREVIEWS = YES;
				GENERATE_INFOPLIST_FILE = YES;
				INFOPLIST_KEY_UIApplicationSceneManifest_Generation = YES;
				INFOPLIST_KEY_UIApplicationSupportsIndirectInputEvents = YES;
				INFOPLIST_KEY_UILaunchScreen_Generation = YES;
				INFOPLIST_KEY_UISupportedInterfaceOrientations_iPad = "UIInterfaceOrientationPortrait UIInterfaceOrientationPortraitUpsideDown UIInterfaceOrientationLandscapeLeft UIInterfaceOrientationLandscapeRight";
				INFOPLIST_KEY_UISupportedInterfaceOrientations_iPhone = "UIInterfaceOrientationPortrait UIInterfaceOrientationLandscapeLeft UIInterfaceOrientationLandscapeRight";
				LD_RUNPATH_SEARCH_PATHS = (
					"$(inherited)",
					"@executable_path/Frameworks",
				);
				MARKETING_VERSION = 1.0;
				PRODUCT_BUNDLE_IDENTIFIER = com.djroton.SwiftUIAnimations;
				PRODUCT_NAME = "$(TARGET_NAME)";
				SWIFT_EMIT_LOC_STRINGS = YES;
				SWIFT_VERSION = 5.0;
				TARGETED_DEVICE_FAMILY = "1,2";
			};
			name = Debug;
		};
		801187052B7C290A0078E906 /* Release */ = {
			isa = XCBuildConfiguration;
			buildSettings = {
				ASSETCATALOG_COMPILER_APPICON_NAME = AppIcon;
				ASSETCATALOG_COMPILER_GLOBAL_ACCENT_COLOR_NAME = AccentColor;
				CODE_SIGN_STYLE = Automatic;
				CURRENT_PROJECT_VERSION = 1;
				DEVELOPMENT_ASSET_PATHS = "\"SwiftUIAnimations/Preview Content\"";
				ENABLE_PREVIEWS = YES;
				GENERATE_INFOPLIST_FILE = YES;
				INFOPLIST_KEY_UIApplicationSceneManifest_Generation = YES;
				INFOPLIST_KEY_UIApplicationSupportsIndirectInputEvents = YES;
				INFOPLIST_KEY_UILaunchScreen_Generation = YES;
				INFOPLIST_KEY_UISupportedInterfaceOrientations_iPad = "UIInterfaceOrientationPortrait UIInterfaceOrientationPortraitUpsideDown UIInterfaceOrientationLandscapeLeft UIInterfaceOrientationLandscapeRight";
				INFOPLIST_KEY_UISupportedInterfaceOrientations_iPhone = "UIInterfaceOrientationPortrait UIInterfaceOrientationLandscapeLeft UIInterfaceOrientationLandscapeRight";
				LD_RUNPATH_SEARCH_PATHS = (
					"$(inherited)",
					"@executable_path/Frameworks",
				);
				MARKETING_VERSION = 1.0;
				PRODUCT_BUNDLE_IDENTIFIER = com.djroton.SwiftUIAnimations;
				PRODUCT_NAME = "$(TARGET_NAME)";
				SWIFT_EMIT_LOC_STRINGS = YES;
				SWIFT_VERSION = 5.0;
				TARGETED_DEVICE_FAMILY = "1,2";
			};
			name = Release;
		};
		801187072B7C290A0078E906 /* Debug */ = {
			isa = XCBuildConfiguration;
			buildSettings = {
				ALWAYS_EMBED_SWIFT_STANDARD_LIBRARIES = YES;
				BUNDLE_LOADER = "$(TEST_HOST)";
				CODE_SIGN_STYLE = Automatic;
				CURRENT_PROJECT_VERSION = 1;
				GENERATE_INFOPLIST_FILE = YES;
				IPHONEOS_DEPLOYMENT_TARGET = 17.2;
				MARKETING_VERSION = 1.0;
				PRODUCT_BUNDLE_IDENTIFIER = com.djroton.SwiftUIAnimationsTests;
				PRODUCT_NAME = "$(TARGET_NAME)";
				SWIFT_EMIT_LOC_STRINGS = NO;
				SWIFT_VERSION = 5.0;
				TARGETED_DEVICE_FAMILY = "1,2";
				TEST_HOST = "$(BUILT_PRODUCTS_DIR)/SwiftUIAnimations.app/$(BUNDLE_EXECUTABLE_FOLDER_PATH)/SwiftUIAnimations";
			};
			name = Debug;
		};
		801187082B7C290A0078E906 /* Release */ = {
			isa = XCBuildConfiguration;
			buildSettings = {
				ALWAYS_EMBED_SWIFT_STANDARD_LIBRARIES = YES;
				BUNDLE_LOADER = "$(TEST_HOST)";
				CODE_SIGN_STYLE = Automatic;
				CURRENT_PROJECT_VERSION = 1;
				GENERATE_INFOPLIST_FILE = YES;
				IPHONEOS_DEPLOYMENT_TARGET = 17.2;
				MARKETING_VERSION = 1.0;
				PRODUCT_BUNDLE_IDENTIFIER = com.djroton.SwiftUIAnimationsTests;
				PRODUCT_NAME = "$(TARGET_NAME)";
				SWIFT_EMIT_LOC_STRINGS = NO;
				SWIFT_VERSION = 5.0;
				TARGETED_DEVICE_FAMILY = "1,2";
				TEST_HOST = "$(BUILT_PRODUCTS_DIR)/SwiftUIAnimations.app/$(BUNDLE_EXECUTABLE_FOLDER_PATH)/SwiftUIAnimations";
			};
			name = Release;
		};
		8011870A2B7C290A0078E906 /* Debug */ = {
			isa = XCBuildConfiguration;
			buildSettings = {
				ALWAYS_EMBED_SWIFT_STANDARD_LIBRARIES = YES;
				CODE_SIGN_STYLE = Automatic;
				CURRENT_PROJECT_VERSION = 1;
				GENERATE_INFOPLIST_FILE = YES;
				MARKETING_VERSION = 1.0;
				PRODUCT_BUNDLE_IDENTIFIER = com.djroton.SwiftUIAnimationsUITests;
				PRODUCT_NAME = "$(TARGET_NAME)";
				SWIFT_EMIT_LOC_STRINGS = NO;
				SWIFT_VERSION = 5.0;
				TARGETED_DEVICE_FAMILY = "1,2";
				TEST_TARGET_NAME = SwiftUIAnimations;
			};
			name = Debug;
		};
		8011870B2B7C290A0078E906 /* Release */ = {
			isa = XCBuildConfiguration;
			buildSettings = {
				ALWAYS_EMBED_SWIFT_STANDARD_LIBRARIES = YES;
				CODE_SIGN_STYLE = Automatic;
				CURRENT_PROJECT_VERSION = 1;
				GENERATE_INFOPLIST_FILE = YES;
				MARKETING_VERSION = 1.0;
				PRODUCT_BUNDLE_IDENTIFIER = com.djroton.SwiftUIAnimationsUITests;
				PRODUCT_NAME = "$(TARGET_NAME)";
				SWIFT_EMIT_LOC_STRINGS = NO;
				SWIFT_VERSION = 5.0;
				TARGETED_DEVICE_FAMILY = "1,2";
				TEST_TARGET_NAME = SwiftUIAnimations;
			};
			name = Release;
		};
/* End XCBuildConfiguration section */

/* Begin XCConfigurationList section */
		801186DA2B7C29070078E906 /* Build configuration list for PBXProject "SwiftUIAnimations" */ = {
			isa = XCConfigurationList;
			buildConfigurations = (
				801187012B7C290A0078E906 /* Debug */,
				801187022B7C290A0078E906 /* Release */,
			);
			defaultConfigurationIsVisible = 0;
			defaultConfigurationName = Release;
		};
		801187032B7C290A0078E906 /* Build configuration list for PBXNativeTarget "SwiftUIAnimations" */ = {
			isa = XCConfigurationList;
			buildConfigurations = (
				801187042B7C290A0078E906 /* Debug */,
				801187052B7C290A0078E906 /* Release */,
			);
			defaultConfigurationIsVisible = 0;
			defaultConfigurationName = Release;
		};
		801187062B7C290A0078E906 /* Build configuration list for PBXNativeTarget "SwiftUIAnimationsTests" */ = {
			isa = XCConfigurationList;
			buildConfigurations = (
				801187072B7C290A0078E906 /* Debug */,
				801187082B7C290A0078E906 /* Release */,
			);
			defaultConfigurationIsVisible = 0;
			defaultConfigurationName = Release;
		};
		801187092B7C290A0078E906 /* Build configuration list for PBXNativeTarget "SwiftUIAnimationsUITests" */ = {
			isa = XCConfigurationList;
			buildConfigurations = (
				8011870A2B7C290A0078E906 /* Debug */,
				8011870B2B7C290A0078E906 /* Release */,
			);
			defaultConfigurationIsVisible = 0;
			defaultConfigurationName = Release;
		};
/* End XCConfigurationList section */
	};
	rootObject = 801186D72B7C29060078E906 /* Project object */;
}
